
Microsoft Visual Studio Solution File, Format Version 12.00
# Visual Studio Version 17
VisualStudioVersion = 17.4.33205.214
MinimumVisualStudioVersion = 10.0.40219.1
Project("{FAE04EC0-301F-11D3-BF4B-00C04F79EFBC}") = "b212102051-melike-isbir-intprog-odev", "b212102051-melike-isbir-intprog-odev\b212102051-melike-isbir-intprog-odev.csproj", "{F1AA9009-6CD6-4241-B3E2-6BE636285C29}"
EndProject
Global
	GlobalSection(SolutionConfigurationPlatforms) = preSolution
		Debug|Any CPU = Debug|Any CPU
		Release|Any CPU = Release|Any CPU
	EndGlobalSection
	GlobalSection(ProjectConfigurationPlatforms) = postSolution
		{F1AA9009-6CD6-4241-B3E2-6BE636285C29}.Debug|Any CPU.ActiveCfg = Debug|Any CPU
		{F1AA9009-6CD6-4241-B3E2-6BE636285C29}.Debug|Any CPU.Build.0 = Debug|Any CPU
		{F1AA9009-6CD6-4241-B3E2-6BE636285C29}.Release|Any CPU.ActiveCfg = Release|Any CPU
		{F1AA9009-6CD6-4241-B3E2-6BE636285C29}.Release|Any CPU.Build.0 = Release|Any CPU
	EndGlobalSection
	GlobalSection(SolutionProperties) = preSolution
		HideSolutionNode = FALSE
	EndGlobalSection
	GlobalSection(ExtensibilityGlobals) = postSolution
		SolutionGuid = {C6C02F62-A25E-4A73-9D65-3D0FB5DB1843}
	EndGlobalSection
EndGlobal
